// !$*UTF8*$!
{
	archiveVersion = 1;
	classes = {
	};
	objectVersion = 50;
	objects = {

/* Begin PBXBuildFile section */
		4F22587B25F16DA300081E26 /* AppDelegate.swift in Sources */ = {isa = PBXBuildFile; fileRef = 4F22587A25F16DA300081E26 /* AppDelegate.swift */; };
		4F22587D25F16DA300081E26 /* SceneDelegate.swift in Sources */ = {isa = PBXBuildFile; fileRef = 4F22587C25F16DA300081E26 /* SceneDelegate.swift */; };
		4F22587F25F16DA300081E26 /* ViewController.swift in Sources */ = {isa = PBXBuildFile; fileRef = 4F22587E25F16DA300081E26 /* ViewController.swift */; };
		4F22588225F16DA300081E26 /* Main.storyboard in Resources */ = {isa = PBXBuildFile; fileRef = 4F22588025F16DA300081E26 /* Main.storyboard */; };
		4F22588425F16DA400081E26 /* Assets.xcassets in Resources */ = {isa = PBXBuildFile; fileRef = 4F22588325F16DA400081E26 /* Assets.xcassets */; };
		4F22588725F16DA400081E26 /* LaunchScreen.storyboard in Resources */ = {isa = PBXBuildFile; fileRef = 4F22588525F16DA400081E26 /* LaunchScreen.storyboard */; };
		4F22589225F16DA400081E26 /* HackwichSevenTests.swift in Sources */ = {isa = PBXBuildFile; fileRef = 4F22589125F16DA400081E26 /* HackwichSevenTests.swift */; };
		4F22589D25F16DA400081E26 /* HackwichSevenUITests.swift in Sources */ = {isa = PBXBuildFile; fileRef = 4F22589C25F16DA400081E26 /* HackwichSevenUITests.swift */; };
/* End PBXBuildFile section */

/* Begin PBXContainerItemProxy section */
		4F22588E25F16DA400081E26 /* PBXContainerItemProxy */ = {
			isa = PBXContainerItemProxy;
			containerPortal = 4F22586F25F16DA300081E26 /* Project object */;
			proxyType = 1;
			remoteGlobalIDString = 4F22587625F16DA300081E26;
			remoteInfo = HackwichSeven;
		};
		4F22589925F16DA400081E26 /* PBXContainerItemProxy */ = {
			isa = PBXContainerItemProxy;
			containerPortal = 4F22586F25F16DA300081E26 /* Project object */;
			proxyType = 1;
			remoteGlobalIDString = 4F22587625F16DA300081E26;
			remoteInfo = HackwichSeven;
		};
/* End PBXContainerItemProxy section */

/* Begin PBXFileReference section */
		4F22587725F16DA300081E26 /* HackwichSeven.app */ = {isa = PBXFileReference; explicitFileType = wrapper.application; includeInIndex = 0; path = HackwichSeven.app; sourceTree = BUILT_PRODUCTS_DIR; };
		4F22587A25F16DA300081E26 /* AppDelegate.swift */ = {isa = PBXFileReference; lastKnownFileType = sourcecode.swift; path = AppDelegate.swift; sourceTree = "<group>"; };
		4F22587C25F16DA300081E26 /* SceneDelegate.swift */ = {isa = PBXFileReference; lastKnownFileType = sourcecode.swift; path = SceneDelegate.swift; sourceTree = "<group>"; };
		4F22587E25F16DA300081E26 /* ViewController.swift */ = {isa = PBXFileReference; lastKnownFileType = sourcecode.swift; path = ViewController.swift; sourceTree = "<group>"; };
		4F22588125F16DA300081E26 /* Base */ = {isa = PBXFileReference; lastKnownFileType = file.storyboard; name = Base; path = Base.lproj/Main.storyboard; sourceTree = "<group>"; };
		4F22588325F16DA400081E26 /* Assets.xcassets */ = {isa = PBXFileReference; lastKnownFileType = folder.assetcatalog; path = Assets.xcassets; sourceTree = "<group>"; };
		4F22588625F16DA400081E26 /* Base */ = {isa = PBXFileReference; lastKnownFileType = file.storyboard; name = Base; path = Base.lproj/LaunchScreen.storyboard; sourceTree = "<group>"; };
		4F22588825F16DA400081E26 /* Info.plist */ = {isa = PBXFileReference; lastKnownFileType = text.plist.xml; path = Info.plist; sourceTree = "<group>"; };
		4F22588D25F16DA400081E26 /* HackwichSevenTests.xctest */ = {isa = PBXFileReference; explicitFileType = wrapper.cfbundle; includeInIndex = 0; path = HackwichSevenTests.xctest; sourceTree = BUILT_PRODUCTS_DIR; };
		4F22589125F16DA400081E26 /* HackwichSevenTests.swift */ = {isa = PBXFileReference; lastKnownFileType = sourcecode.swift; path = HackwichSevenTests.swift; sourceTree = "<group>"; };
		4F22589325F16DA400081E26 /* Info.plist */ = {isa = PBXFileReference; lastKnownFileType = text.plist.xml; path = Info.plist; sourceTree = "<group>"; };
		4F22589825F16DA400081E26 /* HackwichSevenUITests.xctest */ = {isa = PBXFileReference; explicitFileType = wrapper.cfbundle; includeInIndex = 0; path = HackwichSevenUITests.xctest; sourceTree = BUILT_PRODUCTS_DIR; };
		4F22589C25F16DA400081E26 /* HackwichSevenUITests.swift */ = {isa = PBXFileReference; lastKnownFileType = sourcecode.swift; path = HackwichSevenUITests.swift; sourceTree = "<group>"; };
		4F22589E25F16DA400081E26 /* Info.plist */ = {isa = PBXFileReference; lastKnownFileType = text.plist.xml; path = Info.plist; sourceTree = "<group>"; };
/* End PBXFileReference section */

/* Begin PBXFrameworksBuildPhase section */
		4F22587425F16DA300081E26 /* Frameworks */ = {
			isa = PBXFrameworksBuildPhase;
			buildActionMask = 2147483647;
			files = (
			);
			runOnlyForDeploymentPostprocessing = 0;
		};
		4F22588A25F16DA400081E26 /* Frameworks */ = {
			isa = PBXFrameworksBuildPhase;
			buildActionMask = 2147483647;
			files = (
			);
			runOnlyForDeploymentPostprocessing = 0;
		};
		4F22589525F16DA400081E26 /* Frameworks */ = {
			isa = PBXFrameworksBuildPhase;
			buildActionMask = 2147483647;
			files = (
			);
			runOnlyForDeploymentPostprocessing = 0;
		};
/* End PBXFrameworksBuildPhase section */

/* Begin PBXGroup section */
		4F22586E25F16DA300081E26 = {
			isa = PBXGroup;
			children = (
				4F22587925F16DA300081E26 /* HackwichSeven */,
				4F22589025F16DA400081E26 /* HackwichSevenTests */,
				4F22589B25F16DA400081E26 /* HackwichSevenUITests */,
				4F22587825F16DA300081E26 /* Products */,
			);
			sourceTree = "<group>";
		};
		4F22587825F16DA300081E26 /* Products */ = {
			isa = PBXGroup;
			children = (
				4F22587725F16DA300081E26 /* HackwichSeven.app */,
				4F22588D25F16DA400081E26 /* HackwichSevenTests.xctest */,
				4F22589825F16DA400081E26 /* HackwichSevenUITests.xctest */,
			);
			name = Products;
			sourceTree = "<group>";
		};
		4F22587925F16DA300081E26 /* HackwichSeven */ = {
			isa = PBXGroup;
			children = (
				4F22587A25F16DA300081E26 /* AppDelegate.swift */,
				4F22587C25F16DA300081E26 /* SceneDelegate.swift */,
				4F22587E25F16DA300081E26 /* ViewController.swift */,
				4F22588025F16DA300081E26 /* Main.storyboard */,
				4F22588325F16DA400081E26 /* Assets.xcassets */,
				4F22588525F16DA400081E26 /* LaunchScreen.storyboard */,
				4F22588825F16DA400081E26 /* Info.plist */,
			);
			path = HackwichSeven;
			sourceTree = "<group>";
		};
		4F22589025F16DA400081E26 /* HackwichSevenTests */ = {
			isa = PBXGroup;
			children = (
				4F22589125F16DA400081E26 /* HackwichSevenTests.swift */,
				4F22589325F16DA400081E26 /* Info.plist */,
			);
			path = HackwichSevenTests;
			sourceTree = "<group>";
		};
		4F22589B25F16DA400081E26 /* HackwichSevenUITests */ = {
			isa = PBXGroup;
			children = (
				4F22589C25F16DA400081E26 /* HackwichSevenUITests.swift */,
				4F22589E25F16DA400081E26 /* Info.plist */,
			);
			path = HackwichSevenUITests;
			sourceTree = "<group>";
		};
/* End PBXGroup section */

/* Begin PBXNativeTarget section */
		4F22587625F16DA300081E26 /* HackwichSeven */ = {
			isa = PBXNativeTarget;
			buildConfigurationList = 4F2258A125F16DA400081E26 /* Build configuration list for PBXNativeTarget "HackwichSeven" */;
			buildPhases = (
				4F22587325F16DA300081E26 /* Sources */,
				4F22587425F16DA300081E26 /* Frameworks */,
				4F22587525F16DA300081E26 /* Resources */,
			);
			buildRules = (
			);
			dependencies = (
			);
			name = HackwichSeven;
			productName = HackwichSeven;
			productReference = 4F22587725F16DA300081E26 /* HackwichSeven.app */;
			productType = "com.apple.product-type.application";
		};
		4F22588C25F16DA400081E26 /* HackwichSevenTests */ = {
			isa = PBXNativeTarget;
			buildConfigurationList = 4F2258A425F16DA400081E26 /* Build configuration list for PBXNativeTarget "HackwichSevenTests" */;
			buildPhases = (
				4F22588925F16DA400081E26 /* Sources */,
				4F22588A25F16DA400081E26 /* Frameworks */,
				4F22588B25F16DA400081E26 /* Resources */,
			);
			buildRules = (
			);
			dependencies = (
				4F22588F25F16DA400081E26 /* PBXTargetDependency */,
			);
			name = HackwichSevenTests;
			productName = HackwichSevenTests;
			productReference = 4F22588D25F16DA400081E26 /* HackwichSevenTests.xctest */;
			productType = "com.apple.product-type.bundle.unit-test";
		};
		4F22589725F16DA400081E26 /* HackwichSevenUITests */ = {
			isa = PBXNativeTarget;
			buildConfigurationList = 4F2258A725F16DA400081E26 /* Build configuration list for PBXNativeTarget "HackwichSevenUITests" */;
			buildPhases = (
				4F22589425F16DA400081E26 /* Sources */,
				4F22589525F16DA400081E26 /* Frameworks */,
				4F22589625F16DA400081E26 /* Resources */,
			);
			buildRules = (
			);
			dependencies = (
				4F22589A25F16DA400081E26 /* PBXTargetDependency */,
			);
			name = HackwichSevenUITests;
			productName = HackwichSevenUITests;
			productReference = 4F22589825F16DA400081E26 /* HackwichSevenUITests.xctest */;
			productType = "com.apple.product-type.bundle.ui-testing";
		};
/* End PBXNativeTarget section */

/* Begin PBXProject section */
		4F22586F25F16DA300081E26 /* Project object */ = {
			isa = PBXProject;
			attributes = {
				LastSwiftUpdateCheck = 1240;
				LastUpgradeCheck = 1240;
				TargetAttributes = {
					4F22587625F16DA300081E26 = {
						CreatedOnToolsVersion = 12.4;
					};
					4F22588C25F16DA400081E26 = {
						CreatedOnToolsVersion = 12.4;
						TestTargetID = 4F22587625F16DA300081E26;
					};
					4F22589725F16DA400081E26 = {
						CreatedOnToolsVersion = 12.4;
						TestTargetID = 4F22587625F16DA300081E26;
					};
				};
			};
			buildConfigurationList = 4F22587225F16DA300081E26 /* Build configuration list for PBXProject "HackwichSeven" */;
			compatibilityVersion = "Xcode 9.3";
			developmentRegion = en;
			hasScannedForEncodings = 0;
			knownRegions = (
				en,
				Base,
			);
			mainGroup = 4F22586E25F16DA300081E26;
			productRefGroup = 4F22587825F16DA300081E26 /* Products */;
			projectDirPath = "";
			projectRoot = "";
			targets = (
				4F22587625F16DA300081E26 /* HackwichSeven */,
				4F22588C25F16DA400081E26 /* HackwichSevenTests */,
				4F22589725F16DA400081E26 /* HackwichSevenUITests */,
			);
		};
/* End PBXProject section */

/* Begin PBXResourcesBuildPhase section */
		4F22587525F16DA300081E26 /* Resources */ = {
			isa = PBXResourcesBuildPhase;
			buildActionMask = 2147483647;
			files = (
				4F22588725F16DA400081E26 /* LaunchScreen.storyboard in Resources */,
				4F22588425F16DA400081E26 /* Assets.xcassets in Resources */,
				4F22588225F16DA300081E26 /* Main.storyboard in Resources */,
			);
			runOnlyForDeploymentPostprocessing = 0;
		};
		4F22588B25F16DA400081E26 /* Resources */ = {
			isa = PBXResourcesBuildPhase;
			buildActionMask = 2147483647;
			files = (
			);
			runOnlyForDeploymentPostprocessing = 0;
		};
		4F22589625F16DA400081E26 /* Resources */ = {
			isa = PBXResourcesBuildPhase;
			buildActionMask = 2147483647;
			files = (
			);
			runOnlyForDeploymentPostprocessing = 0;
		};
/* End PBXResourcesBuildPhase section */

/* Begin PBXSourcesBuildPhase section */
		4F22587325F16DA300081E26 /* Sources */ = {
			isa = PBXSourcesBuildPhase;
			buildActionMask = 2147483647;
			files = (
				4F22587F25F16DA300081E26 /* ViewController.swift in Sources */,
				4F22587B25F16DA300081E26 /* AppDelegate.swift in Sources */,
				4F22587D25F16DA300081E26 /* SceneDelegate.swift in Sources */,
			);
			runOnlyForDeploymentPostprocessing = 0;
		};
		4F22588925F16DA400081E26 /* Sources */ = {
			isa = PBXSourcesBuildPhase;
			buildActionMask = 2147483647;
			files = (
				4F22589225F16DA400081E26 /* HackwichSevenTests.swift in Sources */,
			);
			runOnlyForDeploymentPostprocessing = 0;
		};
		4F22589425F16DA400081E26 /* Sources */ = {
			isa = PBXSourcesBuildPhase;
			buildActionMask = 2147483647;
			files = (
				4F22589D25F16DA400081E26 /* HackwichSevenUITests.swift in Sources */,
			);
			runOnlyForDeploymentPostprocessing = 0;
		};
/* End PBXSourcesBuildPhase section */

/* Begin PBXTargetDependency section */
		4F22588F25F16DA400081E26 /* PBXTargetDependency */ = {
			isa = PBXTargetDependency;
			target = 4F22587625F16DA300081E26 /* HackwichSeven */;
			targetProxy = 4F22588E25F16DA400081E26 /* PBXContainerItemProxy */;
		};
		4F22589A25F16DA400081E26 /* PBXTargetDependency */ = {
			isa = PBXTargetDependency;
			target = 4F22587625F16DA300081E26 /* HackwichSeven */;
			targetProxy = 4F22589925F16DA400081E26 /* PBXContainerItemProxy */;
		};
/* End PBXTargetDependency section */

/* Begin PBXVariantGroup section */
		4F22588025F16DA300081E26 /* Main.storyboard */ = {
			isa = PBXVariantGroup;
			children = (
				4F22588125F16DA300081E26 /* Base */,
			);
			name = Main.storyboard;
			sourceTree = "<group>";
		};
		4F22588525F16DA400081E26 /* LaunchScreen.storyboard */ = {
			isa = PBXVariantGroup;
			children = (
				4F22588625F16DA400081E26 /* Base */,
			);
			name = LaunchScreen.storyboard;
			sourceTree = "<group>";
		};
/* End PBXVariantGroup section */

/* Begin XCBuildConfiguration section */
		4F22589F25F16DA400081E26 /* Debug */ = {
			isa = XCBuildConfiguration;
			buildSettings = {
				ALWAYS_SEARCH_USER_PATHS = NO;
				CLANG_ANALYZER_NONNULL = YES;
				CLANG_ANALYZER_NUMBER_OBJECT_CONVERSION = YES_AGGRESSIVE;
				CLANG_CXX_LANGUAGE_STANDARD = "gnu++14";
				CLANG_CXX_LIBRARY = "libc++";
				CLANG_ENABLE_MODULES = YES;
				CLANG_ENABLE_OBJC_ARC = YES;
				CLANG_ENABLE_OBJC_WEAK = YES;
				CLANG_WARN_BLOCK_CAPTURE_AUTORELEASING = YES;
				CLANG_WARN_BOOL_CONVERSION = YES;
				CLANG_WARN_COMMA = YES;
				CLANG_WARN_CONSTANT_CONVERSION = YES;
				CLANG_WARN_DEPRECATED_OBJC_IMPLEMENTATIONS = YES;
				CLANG_WARN_DIRECT_OBJC_ISA_USAGE = YES_ERROR;
				CLANG_WARN_DOCUMENTATION_COMMENTS = YES;
				CLANG_WARN_EMPTY_BODY = YES;
				CLANG_WARN_ENUM_CONVERSION = YES;
				CLANG_WARN_INFINITE_RECURSION = YES;
				CLANG_WARN_INT_CONVERSION = YES;
				CLANG_WARN_NON_LITERAL_NULL_CONVERSION = YES;
				CLANG_WARN_OBJC_IMPLICIT_RETAIN_SELF = YES;
				CLANG_WARN_OBJC_LITERAL_CONVERSION = YES;
				CLANG_WARN_OBJC_ROOT_CLASS = YES_ERROR;
				CLANG_WARN_QUOTED_INCLUDE_IN_FRAMEWORK_HEADER = YES;
				CLANG_WARN_RANGE_LOOP_ANALYSIS = YES;
				CLANG_WARN_STRICT_PROTOTYPES = YES;
				CLANG_WARN_SUSPICIOUS_MOVE = YES;
				CLANG_WARN_UNGUARDED_AVAILABILITY = YES_AGGRESSIVE;
				CLANG_WARN_UNREACHABLE_CODE = YES;
				CLANG_WARN__DUPLICATE_METHOD_MATCH = YES;
				COPY_PHASE_STRIP = NO;
				DEBUG_INFORMATION_FORMAT = dwarf;
				ENABLE_STRICT_OBJC_MSGSEND = YES;
				ENABLE_TESTABILITY = YES;
				GCC_C_LANGUAGE_STANDARD = gnu11;
				GCC_DYNAMIC_NO_PIC = NO;
				GCC_NO_COMMON_BLOCKS = YES;
				GCC_OPTIMIZATION_LEVEL = 0;
				GCC_PREPROCESSOR_DEFINITIONS = (
					"DEBUG=1",
					"$(inherited)",
				);
				GCC_WARN_64_TO_32_BIT_CONVERSION = YES;
				GCC_WARN_ABOUT_RETURN_TYPE = YES_ERROR;
				GCC_WARN_UNDECLARED_SELECTOR = YES;
				GCC_WARN_UNINITIALIZED_AUTOS = YES_AGGRESSIVE;
				GCC_WARN_UNUSED_FUNCTION = YES;
				GCC_WARN_UNUSED_VARIABLE = YES;
				IPHONEOS_DEPLOYMENT_TARGET = 14.4;
				MTL_ENABLE_DEBUG_INFO = INCLUDE_SOURCE;
				MTL_FAST_MATH = YES;
				ONLY_ACTIVE_ARCH = YES;
				SDKROOT = iphoneos;
				SWIFT_ACTIVE_COMPILATION_CONDITIONS = DEBUG;
				SWIFT_OPTIMIZATION_LEVEL = "-Onone";
			};
			name = Debug;
		};
		4F2258A025F16DA400081E26 /* Release */ = {
			isa = XCBuildConfiguration;
			buildSettings = {
				ALWAYS_SEARCH_USER_PATHS = NO;
				CLANG_ANALYZER_NONNULL = YES;
				CLANG_ANALYZER_NUMBER_OBJECT_CONVERSION = YES_AGGRESSIVE;
				CLANG_CXX_LANGUAGE_STANDARD = "gnu++14";
				CLANG_CXX_LIBRARY = "libc++";
				CLANG_ENABLE_MODULES = YES;
				CLANG_ENABLE_OBJC_ARC = YES;
				CLANG_ENABLE_OBJC_WEAK = YES;
				CLANG_WARN_BLOCK_CAPTURE_AUTORELEASING = YES;
				CLANG_WARN_BOOL_CONVERSION = YES;
				CLANG_WARN_COMMA = YES;
				CLANG_WARN_CONSTANT_CONVERSION = YES;
				CLANG_WARN_DEPRECATED_OBJC_IMPLEMENTATIONS = YES;
				CLANG_WARN_DIRECT_OBJC_ISA_USAGE = YES_ERROR;
				CLANG_WARN_DOCUMENTATION_COMMENTS = YES;
				CLANG_WARN_EMPTY_BODY = YES;
				CLANG_WARN_ENUM_CONVERSION = YES;
				CLANG_WARN_INFINITE_RECURSION = YES;
				CLANG_WARN_INT_CONVERSION = YES;
				CLANG_WARN_NON_LITERAL_NULL_CONVERSION = YES;
				CLANG_WARN_OBJC_IMPLICIT_RETAIN_SELF = YES;
				CLANG_WARN_OBJC_LITERAL_CONVERSION = YES;
				CLANG_WARN_OBJC_ROOT_CLASS = YES_ERROR;
				CLANG_WARN_QUOTED_INCLUDE_IN_FRAMEWORK_HEADER = YES;
				CLANG_WARN_RANGE_LOOP_ANALYSIS = YES;
				CLANG_WARN_STRICT_PROTOTYPES = YES;
				CLANG_WARN_SUSPICIOUS_MOVE = YES;
				CLANG_WARN_UNGUARDED_AVAILABILITY = YES_AGGRESSIVE;
				CLANG_WARN_UNREACHABLE_CODE = YES;
				CLANG_WARN__DUPLICATE_METHOD_MATCH = YES;
				COPY_PHASE_STRIP = NO;
				DEBUG_INFORMATION_FORMAT = "dwarf-with-dsym";
				ENABLE_NS_ASSERTIONS = NO;
				ENABLE_STRICT_OBJC_MSGSEND = YES;
				GCC_C_LANGUAGE_STANDARD = gnu11;
				GCC_NO_COMMON_BLOCKS = YES;
				GCC_WARN_64_TO_32_BIT_CONVERSION = YES;
				GCC_WARN_ABOUT_RETURN_TYPE = YES_ERROR;
				GCC_WARN_UNDECLARED_SELECTOR = YES;
				GCC_WARN_UNINITIALIZED_AUTOS = YES_AGGRESSIVE;
				GCC_WARN_UNUSED_FUNCTION = YES;
				GCC_WARN_UNUSED_VARIABLE = YES;
				IPHONEOS_DEPLOYMENT_TARGET = 14.4;
				MTL_ENABLE_DEBUG_INFO = NO;
				MTL_FAST_MATH = YES;
				SDKROOT = iphoneos;
				SWIFT_COMPILATION_MODE = wholemodule;
				SWIFT_OPTIMIZATION_LEVEL = "-O";
				VALIDATE_PRODUCT = YES;
			};
			name = Release;
		};
		4F2258A225F16DA400081E26 /* Debug */ = {
			isa = XCBuildConfiguration;
			buildSettings = {
				ASSETCATALOG_COMPILER_APPICON_NAME = AppIcon;
				ASSETCATALOG_COMPILER_GLOBAL_ACCENT_COLOR_NAME = AccentColor;
				CODE_SIGN_STYLE = Automatic;
				DEVELOPMENT_TEAM = RS25249KX7;
				INFOPLIST_FILE = HackwichSeven/Info.plist;
				LD_RUNPATH_SEARCH_PATHS = (
					"$(inherited)",
					"@executable_path/Frameworks",
				);
				PRODUCT_BUNDLE_IDENTIFIER = UHWO.HackwichSeven;
				PRODUCT_NAME = "$(TARGET_NAME)";
				SWIFT_VERSION = 5.0;
				TARGETED_DEVICE_FAMILY = "1,2";
			};
			name = Debug;
		};
		4F2258A325F16DA400081E26 /* Release */ = {
			isa = XCBuildConfiguration;
			buildSettings = {
				ASSETCATALOG_COMPILER_APPICON_NAME = AppIcon;
				ASSETCATALOG_COMPILER_GLOBAL_ACCENT_COLOR_NAME = AccentColor;
				CODE_SIGN_STYLE = Automatic;
				DEVELOPMENT_TEAM = RS25249KX7;
				INFOPLIST_FILE = HackwichSeven/Info.plist;
				LD_RUNPATH_SEARCH_PATHS = (
					"$(inherited)",
					"@executable_path/Frameworks",
				);
				PRODUCT_BUNDLE_IDENTIFIER = UHWO.HackwichSeven;
				PRODUCT_NAME = "$(TARGET_NAME)";
				SWIFT_VERSION = 5.0;
				TARGETED_DEVICE_FAMILY = "1,2";
			};
			name = Release;
		};
		4F2258A525F16DA400081E26 /* Debug */ = {
			isa = XCBuildConfiguration;
			buildSettings = {
				ALWAYS_EMBED_SWIFT_STANDARD_LIBRARIES = YES;
				BUNDLE_LOADER = "$(TEST_HOST)";
				CODE_SIGN_STYLE = Automatic;
				DEVELOPMENT_TEAM = RS25249KX7;
				INFOPLIST_FILE = HackwichSevenTests/Info.plist;
				IPHONEOS_DEPLOYMENT_TARGET = 14.4;
				LD_RUNPATH_SEARCH_PATHS = (
					"$(inherited)",
					"@executable_path/Frameworks",
					"@loader_path/Frameworks",
				);
				PRODUCT_BUNDLE_IDENTIFIER = UHWO.HackwichSevenTests;
				PRODUCT_NAME = "$(TARGET_NAME)";
				SWIFT_VERSION = 5.0;
				TARGETED_DEVICE_FAMILY = "1,2";
				TEST_HOST = "$(BUILT_PRODUCTS_DIR)/HackwichSeven.app/HackwichSeven";
			};
			name = Debug;
		};
		4F2258A625F16DA400081E26 /* Release */ = {
			isa = XCBuildConfiguration;
			buildSettings = {
				ALWAYS_EMBED_SWIFT_STANDARD_LIBRARIES = YES;
				BUNDLE_LOADER = "$(TEST_HOST)";
				CODE_SIGN_STYLE = Automatic;
				DEVELOPMENT_TEAM = RS25249KX7;
				INFOPLIST_FILE = HackwichSevenTests/Info.plist;
				IPHONEOS_DEPLOYMENT_TARGET = 14.4;
				LD_RUNPATH_SEARCH_PATHS = (
					"$(inherited)",
					"@executable_path/Frameworks",
					"@loader_path/Frameworks",
				);
				PRODUCT_BUNDLE_IDENTIFIER = UHWO.HackwichSevenTests;
				PRODUCT_NAME = "$(TARGET_NAME)";
				SWIFT_VERSION = 5.0;
				TARGETED_DEVICE_FAMILY = "1,2";
				TEST_HOST = "$(BUILT_PRODUCTS_DIR)/HackwichSeven.app/HackwichSeven";
			};
			name = Release;
		};
		4F2258A825F16DA400081E26 /* Debug */ = {
			isa = XCBuildConfiguration;
			buildSettings = {
				ALWAYS_EMBED_SWIFT_STANDARD_LIBRARIES = YES;
				CODE_SIGN_STYLE = Automatic;
				DEVELOPMENT_TEAM = RS25249KX7;
				INFOPLIST_FILE = HackwichSevenUITests/Info.plist;
				LD_RUNPATH_SEARCH_PATHS = (
					"$(inherited)",
					"@executable_path/Frameworks",
					"@loader_path/Frameworks",
				);
				PRODUCT_BUNDLE_IDENTIFIER = UHWO.HackwichSevenUITests;
				PRODUCT_NAME = "$(TARGET_NAME)";
				SWIFT_VERSION = 5.0;
				TARGETED_DEVICE_FAMILY = "1,2";
				TEST_TARGET_NAME = HackwichSeven;
			};
			name = Debug;
		};
		4F2258A925F16DA400081E26 /* Release */ = {
			isa = XCBuildConfiguration;
			buildSettings = {
				ALWAYS_EMBED_SWIFT_STANDARD_LIBRARIES = YES;
				CODE_SIGN_STYLE = Automatic;
				DEVELOPMENT_TEAM = RS25249KX7;
				INFOPLIST_FILE = HackwichSevenUITests/Info.plist;
				LD_RUNPATH_SEARCH_PATHS = (
					"$(inherited)",
					"@executable_path/Frameworks",
					"@loader_path/Frameworks",
				);
				PRODUCT_BUNDLE_IDENTIFIER = UHWO.HackwichSevenUITests;
				PRODUCT_NAME = "$(TARGET_NAME)";
				SWIFT_VERSION = 5.0;
				TARGETED_DEVICE_FAMILY = "1,2";
				TEST_TARGET_NAME = HackwichSeven;
			};
			name = Release;
		};
/* End XCBuildConfiguration section */

/* Begin XCConfigurationList section */
		4F22587225F16DA300081E26 /* Build configuration list for PBXProject "HackwichSeven" */ = {
			isa = XCConfigurationList;
			buildConfigurations = (
				4F22589F25F16DA400081E26 /* Debug */,
				4F2258A025F16DA400081E26 /* Release */,
			);
			defaultConfigurationIsVisible = 0;
			defaultConfigurationName = Release;
		};
		4F2258A125F16DA400081E26 /* Build configuration list for PBXNativeTarget "HackwichSeven" */ = {
			isa = XCConfigurationList;
			buildConfigurations = (
				4F2258A225F16DA400081E26 /* Debug */,
				4F2258A325F16DA400081E26 /* Release */,
			);
			defaultConfigurationIsVisible = 0;
			defaultConfigurationName = Release;
		};
		4F2258A425F16DA400081E26 /* Build configuration list for PBXNativeTarget "HackwichSevenTests" */ = {
			isa = XCConfigurationList;
			buildConfigurations = (
				4F2258A525F16DA400081E26 /* Debug */,
				4F2258A625F16DA400081E26 /* Release */,
			);
			defaultConfigurationIsVisible = 0;
			defaultConfigurationName = Release;
		};
		4F2258A725F16DA400081E26 /* Build configuration list for PBXNativeTarget "HackwichSevenUITests" */ = {
			isa = XCConfigurationList;
			buildConfigurations = (
				4F2258A825F16DA400081E26 /* Debug */,
				4F2258A925F16DA400081E26 /* Release */,
			);
			defaultConfigurationIsVisible = 0;
			defaultConfigurationName = Release;
		};
/* End XCConfigurationList section */
	};
	rootObject = 4F22586F25F16DA300081E26 /* Project object */;
}
